
Microsoft Visual Studio Solution File, Format Version 12.00
# Visual Studio Version 16
VisualStudioVersion = 16.0.31613.86
MinimumVisualStudioVersion = 10.0.40219.1
Project("{FAE04EC0-301F-11D3-BF4B-00C04F79EFBC}") = "Prog2", "Prog2\Prog2.csproj", "{3AA18F49-C152-4955-960F-7DE619A7B21C}"
EndProject
Global
	GlobalSection(SolutionConfigurationPlatforms) = preSolution
		Debug|Any CPU = Debug|Any CPU
		Release|Any CPU = Release|Any CPU
	EndGlobalSection
	GlobalSection(ProjectConfigurationPlatforms) = postSolution
		{3AA18F49-C152-4955-960F-7DE619A7B21C}.Debug|Any CPU.ActiveCfg = Debug|Any CPU
		{3AA18F49-C152-4955-960F-7DE619A7B21C}.Debug|Any CPU.Build.0 = Debug|Any CPU
		{3AA18F49-C152-4955-960F-7DE619A7B21C}.Release|Any CPU.ActiveCfg = Release|Any CPU
		{3AA18F49-C152-4955-960F-7DE619A7B21C}.Release|Any CPU.Build.0 = Release|Any CPU
	EndGlobalSection
	GlobalSection(SolutionProperties) = preSolution
		HideSolutionNode = FALSE
	EndGlobalSection
	GlobalSection(ExtensibilityGlobals) = postSolution
		SolutionGuid = {758361E3-8425-466A-953D-5B52C6BEE851}
	EndGlobalSection
EndGlobal
